
Microsoft Visual Studio Solution File, Format Version 12.00
# Visual Studio Version 16
VisualStudioVersion = 16.0.31019.35
MinimumVisualStudioVersion = 10.0.40219.1
Project("{FAE04EC0-301F-11D3-BF4B-00C04F79EFBC}") = "Snake", "Snake\Snake.csproj", "{7E0A6F58-930D-4ED5-A79D-3293FD1515AB}"
EndProject
Global
	GlobalSection(SolutionConfigurationPlatforms) = preSolution
		Debug|Any CPU = Debug|Any CPU
		Release|Any CPU = Release|Any CPU
	EndGlobalSection
	GlobalSection(ProjectConfigurationPlatforms) = postSolution
		{7E0A6F58-930D-4ED5-A79D-3293FD1515AB}.Debug|Any CPU.ActiveCfg = Debug|Any CPU
		{7E0A6F58-930D-4ED5-A79D-3293FD1515AB}.Debug|Any CPU.Build.0 = Debug|Any CPU
		{7E0A6F58-930D-4ED5-A79D-3293FD1515AB}.Release|Any CPU.ActiveCfg = Release|Any CPU
		{7E0A6F58-930D-4ED5-A79D-3293FD1515AB}.Release|Any CPU.Build.0 = Release|Any CPU
	EndGlobalSection
	GlobalSection(SolutionProperties) = preSolution
		HideSolutionNode = FALSE
	EndGlobalSection
	GlobalSection(ExtensibilityGlobals) = postSolution
		SolutionGuid = {3458545E-E8F0-40D6-A5D9-F786A560DF00}
	EndGlobalSection
EndGlobal
